{
  "object": {
    "pins": [
      {
        "package": "Networking",
        "repositoryURL": "https://github.com/bartguminiak/networking",
        "state": {
          "branch": null,
          "revision": "a8ac5a93c479e16911c6d25d0e894a702fe70ec8",
          "version": null
        }
      }
    ]
  },
  "version": 1
}
