{
  "object": {
    "pins": [
      {
        "package": "Networking",
        "repositoryURL": "https://github.com/bartguminiak/networking",
        "state": {
          "branch": null,
          "revision": "cbbe725c38388b871acccd622cc2104f1d028f2a",
          "version": null
        }
      }
    ]
  },
  "version": 1
}
